
Microsoft Visual Studio Solution File, Format Version 12.00
# Visual Studio Version 17
VisualStudioVersion = 17.0.32014.148
MinimumVisualStudioVersion = 10.0.40219.1
Project("{FAE04EC0-301F-11D3-BF4B-00C04F79EFBC}") = "Isograms", "Isograms\Isograms.csproj", "{1F94E422-5790-4450-9DFF-C7CA10C3EB63}"
EndProject
Global
	GlobalSection(SolutionConfigurationPlatforms) = preSolution
		Debug|Any CPU = Debug|Any CPU
		Release|Any CPU = Release|Any CPU
	EndGlobalSection
	GlobalSection(ProjectConfigurationPlatforms) = postSolution
		{1F94E422-5790-4450-9DFF-C7CA10C3EB63}.Debug|Any CPU.ActiveCfg = Debug|Any CPU
		{1F94E422-5790-4450-9DFF-C7CA10C3EB63}.Debug|Any CPU.Build.0 = Debug|Any CPU
		{1F94E422-5790-4450-9DFF-C7CA10C3EB63}.Release|Any CPU.ActiveCfg = Release|Any CPU
		{1F94E422-5790-4450-9DFF-C7CA10C3EB63}.Release|Any CPU.Build.0 = Release|Any CPU
	EndGlobalSection
	GlobalSection(SolutionProperties) = preSolution
		HideSolutionNode = FALSE
	EndGlobalSection
	GlobalSection(ExtensibilityGlobals) = postSolution
		SolutionGuid = {834EBC68-E7F2-4E88-A249-FE92F4A280AB}
	EndGlobalSection
EndGlobal
