
Microsoft Visual Studio Solution File, Format Version 12.00
# Visual Studio Version 17
VisualStudioVersion = 17.0.32014.148
MinimumVisualStudioVersion = 10.0.40219.1
Project("{FAE04EC0-301F-11D3-BF4B-00C04F79EFBC}") = "Find the unique number", "Find the unique number\Find the unique number.csproj", "{95815BC3-2025-4550-9E4A-3DF01ACDE825}"
EndProject
Global
	GlobalSection(SolutionConfigurationPlatforms) = preSolution
		Debug|Any CPU = Debug|Any CPU
		Release|Any CPU = Release|Any CPU
	EndGlobalSection
	GlobalSection(ProjectConfigurationPlatforms) = postSolution
		{95815BC3-2025-4550-9E4A-3DF01ACDE825}.Debug|Any CPU.ActiveCfg = Debug|Any CPU
		{95815BC3-2025-4550-9E4A-3DF01ACDE825}.Debug|Any CPU.Build.0 = Debug|Any CPU
		{95815BC3-2025-4550-9E4A-3DF01ACDE825}.Release|Any CPU.ActiveCfg = Release|Any CPU
		{95815BC3-2025-4550-9E4A-3DF01ACDE825}.Release|Any CPU.Build.0 = Release|Any CPU
	EndGlobalSection
	GlobalSection(SolutionProperties) = preSolution
		HideSolutionNode = FALSE
	EndGlobalSection
	GlobalSection(ExtensibilityGlobals) = postSolution
		SolutionGuid = {78DE7C16-9EB0-463B-BB41-81B3C4472783}
	EndGlobalSection
EndGlobal
