
Microsoft Visual Studio Solution File, Format Version 12.00
# Visual Studio Version 17
VisualStudioVersion = 17.0.32014.148
MinimumVisualStudioVersion = 10.0.40219.1
Project("{FAE04EC0-301F-11D3-BF4B-00C04F79EFBC}") = "Reversed Strings", "Reversed Strings\Reversed Strings.csproj", "{FC0067AD-D652-414F-9C4C-65A644A6F062}"
EndProject
Global
	GlobalSection(SolutionConfigurationPlatforms) = preSolution
		Debug|Any CPU = Debug|Any CPU
		Release|Any CPU = Release|Any CPU
	EndGlobalSection
	GlobalSection(ProjectConfigurationPlatforms) = postSolution
		{FC0067AD-D652-414F-9C4C-65A644A6F062}.Debug|Any CPU.ActiveCfg = Debug|Any CPU
		{FC0067AD-D652-414F-9C4C-65A644A6F062}.Debug|Any CPU.Build.0 = Debug|Any CPU
		{FC0067AD-D652-414F-9C4C-65A644A6F062}.Release|Any CPU.ActiveCfg = Release|Any CPU
		{FC0067AD-D652-414F-9C4C-65A644A6F062}.Release|Any CPU.Build.0 = Release|Any CPU
	EndGlobalSection
	GlobalSection(SolutionProperties) = preSolution
		HideSolutionNode = FALSE
	EndGlobalSection
	GlobalSection(ExtensibilityGlobals) = postSolution
		SolutionGuid = {1BEAC42D-D48F-4728-ADE5-E82AD268B8B9}
	EndGlobalSection
EndGlobal
